{
  "name": "@hridyacodes/lexis",
  "version": "0.1.6",
  "lockfileVersion": 3,
  "requires": true,
  "packages": {
    "": {
      "name": "@hridyacodes/lexis",
      "version": "0.1.6",
      "bin": {
        "lexis": "src/index.mjs"
      },
      "engines": {
        "node": ">=20"
      }
    }
  }
}
